{
  "object": {
    "pins": [
      {
        "package": "Alamofire",
        "repositoryURL": "https://github.com/Alamofire/Alamofire.git",
        "state": {
          "branch": null,
          "revision": "3dc6a42c7727c49bf26508e29b0a0b35f9c7e1ad",
          "version": "5.8.1"
        }
      },
      {
        "package": "AlamofireImage",
        "repositoryURL": "https://github.com/Alamofire/AlamofireImage.git",
        "state": {
          "branch": null,
          "revision": "1eaf3b6c6882bed10f6e7b119665599dd2329aa1",
          "version": "4.3.0"
        }
      },
      {
        "package": "MarkdownKit",
        "repositoryURL": "https://github.com/bmoliveira/MarkdownKit.git",
        "state": {
          "branch": null,
          "revision": "5056f3305d3499f44d8815530d560b87082e0cf5",
          "version": "1.7.1"
        }
      },
      {
        "package": "Reachability",
        "repositoryURL": "https://github.com/ashleymills/Reachability.swift.git",
        "state": {
          "branch": null,
          "revision": "c01127cb51f591045696128effe43c16840d08bf",
          "version": "5.2.0"
        }
      }
    ]
  },
  "version": 1
}
